<?xml version="1.0" encoding="utf-8"?>
<Project ToolsVersion="4.0" xmlns="http://schemas.microsoft.com/developer/msbuild/2003">
  <ItemGroup>
    <Filter Include="Source Files">
      <UniqueIdentifier>{4FC737F1-C7A5-4376-A066-2A32D752A2FF}</UniqueIdentifier>
      <Extensions>cpp;c;cc;cxx;def;odl;idl;hpj;bat;asm;asmx</Extensions>
    </Filter>
    <Filter Include="Header Files">
      <UniqueIdentifier>{93995380-89BD-4b04-88EB-625FBE52EBFB}</UniqueIdentifier>
      <Extensions>h;hh;hpp;hxx;hm;inl;inc;xsd</Extensions>
    </Filter>
    <Filter Include="Resource Files">
      <UniqueIdentifier>{67DA6AB6-F800-4c08-8B7A-83BB121AAD01}</UniqueIdentifier>
      <Extensions>rc;ico;cur;bmp;dlg;rc2;rct;bin;rgs;gif;jpg;jpeg;jpe;resx;tiff;tif;png;wav;mfcribbon-ms</Extensions>
    </Filter>
    <Filter Include="Source Files\actor">
      <UniqueIdentifier>{bd08473b-4290-4b86-8052-286a31b3bce4}</UniqueIdentifier>
    </Filter>
    <Filter Include="Source Files\ai">
      <UniqueIdentifier>{557218a4-3924-4fba-9ab5-f64c84eb7f76}</UniqueIdentifier>
    </Filter>
    <Filter Include="Source Files\application">
      <UniqueIdentifier>{89d78348-5074-4296-a32f-e86e1dbd4279}</UniqueIdentifier>
    </Filter>
    <Filter Include="Source Files\object">
      <UniqueIdentifier>{6edbada8-b3fd-4f05-9aca-0f546ab8f75f}</UniqueIdentifier>
    </Filter>
    <Filter Include="Source Files\world">
      <UniqueIdentifier>{34d328db-9c8f-4d1e-b2ab-20565f19bcbf}</UniqueIdentifier>
    </Filter>
    <Filter Include="Source Files\world\procedural">
      <UniqueIdentifier>{2023b843-5403-4f95-ab17-abf7b77a2448}</UniqueIdentifier>
    </Filter>
    <Filter Include="Header Files\actor">
      <UniqueIdentifier>{04012f25-45b0-4c5d-aad8-513f70ff81e4}</UniqueIdentifier>
    </Filter>
    <Filter Include="Header Files\ai">
      <UniqueIdentifier>{8320ae9e-9e59-4978-8abb-36a14c920729}</UniqueIdentifier>
    </Filter>
    <Filter Include="Header Files\application">
      <UniqueIdentifier>{575c21fd-1e09-44c9-b5bc-c4902045d8ad}</UniqueIdentifier>
    </Filter>
    <Filter Include="Header Files\object">
      <UniqueIdentifier>{44cb74e8-e36e-4cef-ae55-bcc0d92612df}</UniqueIdentifier>
    </Filter>
    <Filter Include="Header Files\world">
      <UniqueIdentifier>{ed8a7f7e-b4fe-4af2-8785-f5f8f81fe8cb}</UniqueIdentifier>
    </Filter>
    <Filter Include="Header Files\world\procedural">
      <UniqueIdentifier>{6dc26d47-2bea-4541-ac2b-c8e5cd31e44c}</UniqueIdentifier>
    </Filter>
    <Filter Include="Resource Files\assets">
      <UniqueIdentifier>{0a72ffd1-869a-4f2b-a169-11387753bc83}</UniqueIdentifier>
    </Filter>
    <Filter Include="Resource Files\assets\npc">
      <UniqueIdentifier>{79d15669-1499-4d37-88c9-4f57aa6903d9}</UniqueIdentifier>
    </Filter>
    <Filter Include="Resource Files\assets\npc\test">
      <UniqueIdentifier>{64b5cac5-ad7b-4d0a-9132-40647367e396}</UniqueIdentifier>
    </Filter>
  </ItemGroup>
  <ItemGroup>
    <ClCompile Include="..\src\actor\Actor.cpp">
      <Filter>Source Files\actor</Filter>
    </ClCompile>
    <ClCompile Include="..\src\actor\ActorIdTracker.cpp">
      <Filter>Source Files\actor</Filter>
    </ClCompile>
    <ClCompile Include="..\src\actor\ActorManager.cpp">
      <Filter>Source Files\actor</Filter>
    </ClCompile>
    <ClCompile Include="..\src\application\Application.cpp">
      <Filter>Source Files\application</Filter>
    </ClCompile>
    <ClCompile Include="..\src\application\Camera.cpp">
      <Filter>Source Files\application</Filter>
    </ClCompile>
    <ClCompile Include="..\src\world\Chunk.cpp">
      <Filter>Source Files\world</Filter>
    </ClCompile>
    <ClCompile Include="..\src\application\main.cpp">
      <Filter>Source Files\application</Filter>
    </ClCompile>
    <ClCompile Include="..\src\application\Math.cpp">
      <Filter>Source Files\application</Filter>
    </ClCompile>
    <ClCompile Include="..\src\actor\NPCActor.cpp">
      <Filter>Source Files\actor</Filter>
    </ClCompile>
    <ClCompile Include="..\src\actor\NPCSpawner.cpp">
      <Filter>Source Files\actor</Filter>
    </ClCompile>
    <ClCompile Include="..\src\object\Object.cpp">
      <Filter>Source Files\object</Filter>
    </ClCompile>
    <ClCompile Include="..\src\object\ObjectIdTracker.cpp">
      <Filter>Source Files\object</Filter>
    </ClCompile>
    <ClCompile Include="..\src\world\procedural\PathGenerator.cpp">
      <Filter>Source Files\world\procedural</Filter>
    </ClCompile>
    <ClCompile Include="..\src\actor\PlayerActor.cpp">
      <Filter>Source Files\actor</Filter>
    </ClCompile>
    <ClCompile Include="..\src\world\Quadtree.cpp">
      <Filter>Source Files\world</Filter>
    </ClCompile>
    <ClCompile Include="..\src\world\procedural\RockGenerator.cpp">
      <Filter>Source Files\world\procedural</Filter>
    </ClCompile>
    <ClCompile Include="..\src\application\TextureHolder.cpp">
      <Filter>Source Files\application</Filter>
    </ClCompile>
    <ClCompile Include="..\src\world\World.cpp">
      <Filter>Source Files\world</Filter>
    </ClCompile>
    <ClCompile Include="..\src\world\Path.cpp">
      <Filter>Source Files\world</Filter>
    </ClCompile>
  </ItemGroup>
  <ItemGroup>
    <ClInclude Include="..\src\actor\Actor.hpp">
      <Filter>Header Files\actor</Filter>
    </ClInclude>
    <ClInclude Include="..\src\actor\ActorId.hpp">
      <Filter>Header Files\actor</Filter>
    </ClInclude>
    <ClInclude Include="..\src\actor\ActorIdTracker.hpp">
      <Filter>Header Files\actor</Filter>
    </ClInclude>
    <ClInclude Include="..\src\actor\ActorManager.hpp">
      <Filter>Header Files\actor</Filter>
    </ClInclude>
    <ClInclude Include="..\src\application\Camera.hpp">
      <Filter>Header Files\application</Filter>
    </ClInclude>
    <ClInclude Include="..\src\application\Application.hpp">
      <Filter>Header Files\application</Filter>
    </ClInclude>
    <ClInclude Include="..\src\world\Chunk.hpp">
      <Filter>Header Files\world</Filter>
    </ClInclude>
    <ClInclude Include="..\src\application\lua.hpp">
      <Filter>Header Files\application</Filter>
    </ClInclude>
    <ClInclude Include="..\src\application\Math.hpp">
      <Filter>Header Files\application</Filter>
    </ClInclude>
    <ClInclude Include="..\src\actor\NPCActor.hpp">
      <Filter>Header Files\actor</Filter>
    </ClInclude>
    <ClInclude Include="..\src\actor\NPCSpawner.hpp">
      <Filter>Header Files\actor</Filter>
    </ClInclude>
    <ClInclude Include="..\src\object\Object.hpp">
      <Filter>Header Files\object</Filter>
    </ClInclude>
    <ClInclude Include="..\src\object\ObjectId.hpp">
      <Filter>Header Files\object</Filter>
    </ClInclude>
    <ClInclude Include="..\src\object\ObjectIdTracker.hpp">
      <Filter>Header Files\object</Filter>
    </ClInclude>
    <ClInclude Include="..\src\world\Path.hpp">
      <Filter>Header Files\world</Filter>
    </ClInclude>
    <ClInclude Include="..\src\world\procedural\PathGenerator.hpp">
      <Filter>Header Files\world\procedural</Filter>
    </ClInclude>
    <ClInclude Include="..\src\actor\PlayerActor.hpp">
      <Filter>Header Files\actor</Filter>
    </ClInclude>
    <ClInclude Include="..\src\world\Quadtree.hpp">
      <Filter>Header Files\world</Filter>
    </ClInclude>
    <ClInclude Include="..\src\world\procedural\RockGenerator.hpp">
      <Filter>Header Files\world\procedural</Filter>
    </ClInclude>
    <ClInclude Include="..\src\ai\StateMachine.hpp">
      <Filter>Header Files\ai</Filter>
    </ClInclude>
    <ClInclude Include="..\src\world\World.hpp">
      <Filter>Header Files\world</Filter>
    </ClInclude>
    <ClInclude Include="..\src\application\TextureHolder.hpp">
      <Filter>Header Files\application</Filter>
    </ClInclude>
  </ItemGroup>
  <ItemGroup>
    <Font Include="..\SourceCodePro-Regular.ttf">
      <Filter>Resource Files</Filter>
    </Font>
  </ItemGroup>
  <ItemGroup>
    <Image Include="..\assets\char.png">
      <Filter>Resource Files\assets</Filter>
    </Image>
    <Image Include="..\assets\light.png">
      <Filter>Resource Files\assets</Filter>
    </Image>
    <Image Include="..\assets\test.png">
      <Filter>Resource Files\assets</Filter>
    </Image>
    <Image Include="..\assets\thing.png">
      <Filter>Resource Files\assets</Filter>
    </Image>
  </ItemGroup>
  <ItemGroup>
    <None Include="..\assets\Textures.lst">
      <Filter>Resource Files\assets</Filter>
    </None>
    <None Include="..\assets\npc\test\behavior.lua">
      <Filter>Resource Files\assets\npc\test</Filter>
    </None>
  </ItemGroup>
</Project>